
Microsoft Visual Studio Solution File, Format Version 12.00
# Visual Studio Version 17
VisualStudioVersion = 17.0.32002.185
MinimumVisualStudioVersion = 10.0.40219.1
Project("{9A19103F-16F7-4668-BE54-9A1E7A4F7556}") = "streamnote", "streamnote\streamnote.csproj", "{FBDF0962-0381-4061-B85A-9A687A69CB46}"
EndProject
Project("{2150E333-8FDC-42A3-9474-1A3956D46DE8}") = "Solution Items", "Solution Items", "{9826E6F9-27D6-4BFB-9682-53C7A6CAD5B8}"
	ProjectSection(SolutionItems) = preProject
		wiki.txt = wiki.txt
	EndProjectSection
EndProject
Global
	GlobalSection(SolutionConfigurationPlatforms) = preSolution
		Debug|Any CPU = Debug|Any CPU
		Release|Any CPU = Release|Any CPU
	EndGlobalSection
	GlobalSection(ProjectConfigurationPlatforms) = postSolution
		{FBDF0962-0381-4061-B85A-9A687A69CB46}.Debug|Any CPU.ActiveCfg = Debug|Any CPU
		{FBDF0962-0381-4061-B85A-9A687A69CB46}.Debug|Any CPU.Build.0 = Debug|Any CPU
		{FBDF0962-0381-4061-B85A-9A687A69CB46}.Release|Any CPU.ActiveCfg = Release|Any CPU
		{FBDF0962-0381-4061-B85A-9A687A69CB46}.Release|Any CPU.Build.0 = Release|Any CPU
	EndGlobalSection
	GlobalSection(SolutionProperties) = preSolution
		HideSolutionNode = FALSE
	EndGlobalSection
	GlobalSection(ExtensibilityGlobals) = postSolution
		SolutionGuid = {E5EB5741-1263-4578-8B09-6D4814D04E7D}
	EndGlobalSection
EndGlobal
